{
  "name": "eapp",
  "version": "1.0.0",
  "lockfileVersion": 1,
  "requires": true,
  "dependencies": {
    "dingui-mini": {
      "version": "1.0.0",
      "resolved": "https://registry.npmjs.org/dingui-mini/-/dingui-mini-1.0.0.tgz",
      "integrity": "sha512-KHAkG62AkGgOfCxhI0ys5Ek2XlESOYp6tyMzThcQPfIssuwK9051AxioITDgUaayFySPP7tEhiyhYCzUlAb6Rw==",
      "requires": {
        "dingui-mini": "^1.0.0-beta.3"
      }
    },
    "eventemitter3": {
      "version": "3.1.0",
      "resolved": "http://registry.npm.taobao.org/eventemitter3/download/eventemitter3-3.1.0.tgz",
      "integrity": "sha1-CQtNbNvWRe0Qv3UNS1QHlC17oWM="
    }
  }
}
